
Microsoft Visual Studio Solution File, Format Version 12.00
# Visual Studio Version 16
VisualStudioVersion = 16.0.30804.86
MinimumVisualStudioVersion = 10.0.40219.1
Project("{9A19103F-16F7-4668-BE54-9A1E7A4F7556}") = "task.1", "..\task.2\task.1.csproj", "{407C0525-2C6F-4501-87E0-17AC27C2B995}"
EndProject
Project("{9A19103F-16F7-4668-BE54-9A1E7A4F7556}") = "task.2", "..\task.3\task.2.csproj", "{0286CF95-A00D-42B5-8B8A-AD21AEB156B4}"
EndProject
Project("{9A19103F-16F7-4668-BE54-9A1E7A4F7556}") = "task.3", "..\task.4\task.3.csproj", "{E2B50068-6C99-4A34-BC3C-EC68D9838143}"
EndProject
Project("{9A19103F-16F7-4668-BE54-9A1E7A4F7556}") = "task.4", "..\task.5\task.4.csproj", "{7ABC5A9E-846D-4C02-9BEF-0F4D2892920D}"
EndProject
Global
	GlobalSection(SolutionConfigurationPlatforms) = preSolution
		Debug|Any CPU = Debug|Any CPU
		Release|Any CPU = Release|Any CPU
	EndGlobalSection
	GlobalSection(ProjectConfigurationPlatforms) = postSolution
		{407C0525-2C6F-4501-87E0-17AC27C2B995}.Debug|Any CPU.ActiveCfg = Debug|Any CPU
		{407C0525-2C6F-4501-87E0-17AC27C2B995}.Debug|Any CPU.Build.0 = Debug|Any CPU
		{407C0525-2C6F-4501-87E0-17AC27C2B995}.Release|Any CPU.ActiveCfg = Release|Any CPU
		{407C0525-2C6F-4501-87E0-17AC27C2B995}.Release|Any CPU.Build.0 = Release|Any CPU
		{0286CF95-A00D-42B5-8B8A-AD21AEB156B4}.Debug|Any CPU.ActiveCfg = Debug|Any CPU
		{0286CF95-A00D-42B5-8B8A-AD21AEB156B4}.Debug|Any CPU.Build.0 = Debug|Any CPU
		{0286CF95-A00D-42B5-8B8A-AD21AEB156B4}.Release|Any CPU.ActiveCfg = Release|Any CPU
		{0286CF95-A00D-42B5-8B8A-AD21AEB156B4}.Release|Any CPU.Build.0 = Release|Any CPU
		{E2B50068-6C99-4A34-BC3C-EC68D9838143}.Debug|Any CPU.ActiveCfg = Debug|Any CPU
		{E2B50068-6C99-4A34-BC3C-EC68D9838143}.Debug|Any CPU.Build.0 = Debug|Any CPU
		{E2B50068-6C99-4A34-BC3C-EC68D9838143}.Release|Any CPU.ActiveCfg = Release|Any CPU
		{E2B50068-6C99-4A34-BC3C-EC68D9838143}.Release|Any CPU.Build.0 = Release|Any CPU
		{7ABC5A9E-846D-4C02-9BEF-0F4D2892920D}.Debug|Any CPU.ActiveCfg = Debug|Any CPU
		{7ABC5A9E-846D-4C02-9BEF-0F4D2892920D}.Debug|Any CPU.Build.0 = Debug|Any CPU
		{7ABC5A9E-846D-4C02-9BEF-0F4D2892920D}.Release|Any CPU.ActiveCfg = Release|Any CPU
		{7ABC5A9E-846D-4C02-9BEF-0F4D2892920D}.Release|Any CPU.Build.0 = Release|Any CPU
	EndGlobalSection
	GlobalSection(SolutionProperties) = preSolution
		HideSolutionNode = FALSE
	EndGlobalSection
	GlobalSection(ExtensibilityGlobals) = postSolution
		SolutionGuid = {A2208DB3-45A1-4C1F-9A0D-7608138C0FC4}
	EndGlobalSection
EndGlobal
